// !$*UTF8*$!
{
	archiveVersion = 1;
	classes = {
	};
	objectVersion = 50;
	objects = {

/* Begin PBXBuildFile section */
		1D3AF36F23F1767E009A90AE /* LandmarkDetail.swift in Sources */ = {isa = PBXBuildFile; fileRef = 1D3AF36E23F1767E009A90AE /* LandmarkDetail.swift */; };
		1D3AF37123F176CC009A90AE /* LandmarkRow.swift in Sources */ = {isa = PBXBuildFile; fileRef = 1D3AF37023F176CC009A90AE /* LandmarkRow.swift */; };
		1D3AF37323F1771B009A90AE /* LandmarkList.swift in Sources */ = {isa = PBXBuildFile; fileRef = 1D3AF37223F1771B009A90AE /* LandmarkList.swift */; };
		1D3AF39B23F180AB009A90AE /* turtlerock.jpg in Resources */ = {isa = PBXBuildFile; fileRef = 1D3AF38E23F180A9009A90AE /* turtlerock.jpg */; };
		1D3AF39C23F180AB009A90AE /* charleyrivers.jpg in Resources */ = {isa = PBXBuildFile; fileRef = 1D3AF38F23F180A9009A90AE /* charleyrivers.jpg */; };
		1D3AF39D23F180AB009A90AE /* umbagog.jpg in Resources */ = {isa = PBXBuildFile; fileRef = 1D3AF39023F180AA009A90AE /* umbagog.jpg */; };
		1D3AF39E23F180AB009A90AE /* icybay.jpg in Resources */ = {isa = PBXBuildFile; fileRef = 1D3AF39123F180AA009A90AE /* icybay.jpg */; };
		1D3AF39F23F180AB009A90AE /* lakemcdonald.jpg in Resources */ = {isa = PBXBuildFile; fileRef = 1D3AF39223F180AA009A90AE /* lakemcdonald.jpg */; };
		1D3AF3A023F180AB009A90AE /* landmarkData.json in Resources */ = {isa = PBXBuildFile; fileRef = 1D3AF39323F180AA009A90AE /* landmarkData.json */; };
		1D3AF3A123F180AB009A90AE /* chincoteague.jpg in Resources */ = {isa = PBXBuildFile; fileRef = 1D3AF39423F180AA009A90AE /* chincoteague.jpg */; };
		1D3AF3A223F180AB009A90AE /* rainbowlake.jpg in Resources */ = {isa = PBXBuildFile; fileRef = 1D3AF39523F180AB009A90AE /* rainbowlake.jpg */; };
		1D3AF3A323F180AB009A90AE /* stmarylake.jpg in Resources */ = {isa = PBXBuildFile; fileRef = 1D3AF39623F180AB009A90AE /* stmarylake.jpg */; };
		1D3AF3A423F180AB009A90AE /* chilkoottrail.jpg in Resources */ = {isa = PBXBuildFile; fileRef = 1D3AF39723F180AB009A90AE /* chilkoottrail.jpg */; };
		1D3AF3A523F180AB009A90AE /* hiddenlake.jpg in Resources */ = {isa = PBXBuildFile; fileRef = 1D3AF39823F180AB009A90AE /* hiddenlake.jpg */; };
		1D3AF3A623F180AB009A90AE /* silversalmoncreek.jpg in Resources */ = {isa = PBXBuildFile; fileRef = 1D3AF39923F180AB009A90AE /* silversalmoncreek.jpg */; };
		1D3AF3A723F180AB009A90AE /* twinlake.jpg in Resources */ = {isa = PBXBuildFile; fileRef = 1D3AF39A23F180AB009A90AE /* twinlake.jpg */; };
		1D3AF3AB23F1920E009A90AE /* Badge.swift in Sources */ = {isa = PBXBuildFile; fileRef = 1D3AF3AA23F1920E009A90AE /* Badge.swift */; };
		1D3AF3AD23F194BE009A90AE /* HexagonParameters.swift in Sources */ = {isa = PBXBuildFile; fileRef = 1D3AF3AC23F194BE009A90AE /* HexagonParameters.swift */; };
		1D3AF3AF23F1BF69009A90AE /* BadgeBackground.swift in Sources */ = {isa = PBXBuildFile; fileRef = 1D3AF3AE23F1BF69009A90AE /* BadgeBackground.swift */; };
		1D3AF3B123F1C01D009A90AE /* BadgeSymbol.swift in Sources */ = {isa = PBXBuildFile; fileRef = 1D3AF3B023F1C01D009A90AE /* BadgeSymbol.swift */; };
		1D3AF3B323F1C16C009A90AE /* RotatedBadgeSymbol.swift in Sources */ = {isa = PBXBuildFile; fileRef = 1D3AF3B223F1C16C009A90AE /* RotatedBadgeSymbol.swift */; };
		1D3AF3B723F1C95F009A90AE /* HikeView.swift in Sources */ = {isa = PBXBuildFile; fileRef = 1D3AF3B623F1C95F009A90AE /* HikeView.swift */; };
		1D3AF3B923F1C9FC009A90AE /* HikeGraph.swift in Sources */ = {isa = PBXBuildFile; fileRef = 1D3AF3B823F1C9FC009A90AE /* HikeGraph.swift */; };
		1D3AF3BB23F1CA2C009A90AE /* GraphCapsule.swift in Sources */ = {isa = PBXBuildFile; fileRef = 1D3AF3BA23F1CA2C009A90AE /* GraphCapsule.swift */; };
		1D3AF3BD23F1CA55009A90AE /* hikeData.json in Resources */ = {isa = PBXBuildFile; fileRef = 1D3AF3BC23F1CA55009A90AE /* hikeData.json */; };
		1D3AF3BF23F1D374009A90AE /* HikeDetail.swift in Sources */ = {isa = PBXBuildFile; fileRef = 1D3AF3BE23F1D374009A90AE /* HikeDetail.swift */; };
		1D3AF3C123F2597A009A90AE /* Home.swift in Sources */ = {isa = PBXBuildFile; fileRef = 1D3AF3C023F2597A009A90AE /* Home.swift */; };
		1D5051B723F319D8008D13D8 /* Data.swift in Sources */ = {isa = PBXBuildFile; fileRef = 1D5051B623F319D8008D13D8 /* Data.swift */; };
		1D5051B923F319E2008D13D8 /* Landmark.swift in Sources */ = {isa = PBXBuildFile; fileRef = 1D5051B823F319E2008D13D8 /* Landmark.swift */; };
		1D5051BB23F319EF008D13D8 /* UserData.swift in Sources */ = {isa = PBXBuildFile; fileRef = 1D5051BA23F319EF008D13D8 /* UserData.swift */; };
		1D5051BD23F319F9008D13D8 /* Hike.swift in Sources */ = {isa = PBXBuildFile; fileRef = 1D5051BC23F319F9008D13D8 /* Hike.swift */; };
		1D5051BF23F31BA0008D13D8 /* CategoryRow.swift in Sources */ = {isa = PBXBuildFile; fileRef = 1D5051BE23F31BA0008D13D8 /* CategoryRow.swift */; };
		1DF309EA23F14187008EE43A /* AppDelegate.swift in Sources */ = {isa = PBXBuildFile; fileRef = 1DF309E923F14187008EE43A /* AppDelegate.swift */; };
		1DF309EC23F14187008EE43A /* SceneDelegate.swift in Sources */ = {isa = PBXBuildFile; fileRef = 1DF309EB23F14187008EE43A /* SceneDelegate.swift */; };
		1DF309EE23F14187008EE43A /* ContentView.swift in Sources */ = {isa = PBXBuildFile; fileRef = 1DF309ED23F14187008EE43A /* ContentView.swift */; };
		1DF309F023F14188008EE43A /* Assets.xcassets in Resources */ = {isa = PBXBuildFile; fileRef = 1DF309EF23F14188008EE43A /* Assets.xcassets */; };
		1DF309F323F14188008EE43A /* Preview Assets.xcassets in Resources */ = {isa = PBXBuildFile; fileRef = 1DF309F223F14188008EE43A /* Preview Assets.xcassets */; };
		1DF309F623F14188008EE43A /* LaunchScreen.storyboard in Resources */ = {isa = PBXBuildFile; fileRef = 1DF309F423F14188008EE43A /* LaunchScreen.storyboard */; };
		1DF30A0423F14451008EE43A /* MapView.swift in Sources */ = {isa = PBXBuildFile; fileRef = 1DF30A0223F14451008EE43A /* MapView.swift */; };
		1DF30A0523F14451008EE43A /* CircleImage.swift in Sources */ = {isa = PBXBuildFile; fileRef = 1DF30A0323F14451008EE43A /* CircleImage.swift */; };
/* End PBXBuildFile section */

/* Begin PBXFileReference section */
		1D3AF36E23F1767E009A90AE /* LandmarkDetail.swift */ = {isa = PBXFileReference; lastKnownFileType = sourcecode.swift; path = LandmarkDetail.swift; sourceTree = "<group>"; };
		1D3AF37023F176CC009A90AE /* LandmarkRow.swift */ = {isa = PBXFileReference; lastKnownFileType = sourcecode.swift; path = LandmarkRow.swift; sourceTree = "<group>"; };
		1D3AF37223F1771B009A90AE /* LandmarkList.swift */ = {isa = PBXFileReference; lastKnownFileType = sourcecode.swift; path = LandmarkList.swift; sourceTree = "<group>"; };
		1D3AF38E23F180A9009A90AE /* turtlerock.jpg */ = {isa = PBXFileReference; lastKnownFileType = image.jpeg; path = turtlerock.jpg; sourceTree = "<group>"; };
		1D3AF38F23F180A9009A90AE /* charleyrivers.jpg */ = {isa = PBXFileReference; lastKnownFileType = image.jpeg; path = charleyrivers.jpg; sourceTree = "<group>"; };
		1D3AF39023F180AA009A90AE /* umbagog.jpg */ = {isa = PBXFileReference; lastKnownFileType = image.jpeg; path = umbagog.jpg; sourceTree = "<group>"; };
		1D3AF39123F180AA009A90AE /* icybay.jpg */ = {isa = PBXFileReference; lastKnownFileType = image.jpeg; path = icybay.jpg; sourceTree = "<group>"; };
		1D3AF39223F180AA009A90AE /* lakemcdonald.jpg */ = {isa = PBXFileReference; lastKnownFileType = image.jpeg; path = lakemcdonald.jpg; sourceTree = "<group>"; };
		1D3AF39323F180AA009A90AE /* landmarkData.json */ = {isa = PBXFileReference; fileEncoding = 4; lastKnownFileType = text.json; path = landmarkData.json; sourceTree = "<group>"; };
		1D3AF39423F180AA009A90AE /* chincoteague.jpg */ = {isa = PBXFileReference; lastKnownFileType = image.jpeg; path = chincoteague.jpg; sourceTree = "<group>"; };
		1D3AF39523F180AB009A90AE /* rainbowlake.jpg */ = {isa = PBXFileReference; lastKnownFileType = image.jpeg; path = rainbowlake.jpg; sourceTree = "<group>"; };
		1D3AF39623F180AB009A90AE /* stmarylake.jpg */ = {isa = PBXFileReference; lastKnownFileType = image.jpeg; path = stmarylake.jpg; sourceTree = "<group>"; };
		1D3AF39723F180AB009A90AE /* chilkoottrail.jpg */ = {isa = PBXFileReference; lastKnownFileType = image.jpeg; path = chilkoottrail.jpg; sourceTree = "<group>"; };
		1D3AF39823F180AB009A90AE /* hiddenlake.jpg */ = {isa = PBXFileReference; lastKnownFileType = image.jpeg; path = hiddenlake.jpg; sourceTree = "<group>"; };
		1D3AF39923F180AB009A90AE /* silversalmoncreek.jpg */ = {isa = PBXFileReference; lastKnownFileType = image.jpeg; path = silversalmoncreek.jpg; sourceTree = "<group>"; };
		1D3AF39A23F180AB009A90AE /* twinlake.jpg */ = {isa = PBXFileReference; lastKnownFileType = image.jpeg; path = twinlake.jpg; sourceTree = "<group>"; };
		1D3AF3AA23F1920E009A90AE /* Badge.swift */ = {isa = PBXFileReference; lastKnownFileType = sourcecode.swift; path = Badge.swift; sourceTree = "<group>"; };
		1D3AF3AC23F194BE009A90AE /* HexagonParameters.swift */ = {isa = PBXFileReference; fileEncoding = 4; lastKnownFileType = sourcecode.swift; path = HexagonParameters.swift; sourceTree = "<group>"; };
		1D3AF3AE23F1BF69009A90AE /* BadgeBackground.swift */ = {isa = PBXFileReference; fileEncoding = 4; lastKnownFileType = sourcecode.swift; path = BadgeBackground.swift; sourceTree = "<group>"; };
		1D3AF3B023F1C01D009A90AE /* BadgeSymbol.swift */ = {isa = PBXFileReference; lastKnownFileType = sourcecode.swift; path = BadgeSymbol.swift; sourceTree = "<group>"; };
		1D3AF3B223F1C16C009A90AE /* RotatedBadgeSymbol.swift */ = {isa = PBXFileReference; lastKnownFileType = sourcecode.swift; path = RotatedBadgeSymbol.swift; sourceTree = "<group>"; };
		1D3AF3B623F1C95F009A90AE /* HikeView.swift */ = {isa = PBXFileReference; lastKnownFileType = sourcecode.swift; path = HikeView.swift; sourceTree = "<group>"; };
		1D3AF3B823F1C9FC009A90AE /* HikeGraph.swift */ = {isa = PBXFileReference; fileEncoding = 4; lastKnownFileType = sourcecode.swift; path = HikeGraph.swift; sourceTree = "<group>"; };
		1D3AF3BA23F1CA2C009A90AE /* GraphCapsule.swift */ = {isa = PBXFileReference; fileEncoding = 4; lastKnownFileType = sourcecode.swift; path = GraphCapsule.swift; sourceTree = "<group>"; };
		1D3AF3BC23F1CA55009A90AE /* hikeData.json */ = {isa = PBXFileReference; fileEncoding = 4; lastKnownFileType = text.json; path = hikeData.json; sourceTree = "<group>"; };
		1D3AF3BE23F1D374009A90AE /* HikeDetail.swift */ = {isa = PBXFileReference; fileEncoding = 4; lastKnownFileType = sourcecode.swift; path = HikeDetail.swift; sourceTree = "<group>"; };
		1D3AF3C023F2597A009A90AE /* Home.swift */ = {isa = PBXFileReference; lastKnownFileType = sourcecode.swift; path = Home.swift; sourceTree = "<group>"; };
		1D5051B623F319D8008D13D8 /* Data.swift */ = {isa = PBXFileReference; lastKnownFileType = sourcecode.swift; path = Data.swift; sourceTree = "<group>"; };
		1D5051B823F319E2008D13D8 /* Landmark.swift */ = {isa = PBXFileReference; lastKnownFileType = sourcecode.swift; path = Landmark.swift; sourceTree = "<group>"; };
		1D5051BA23F319EF008D13D8 /* UserData.swift */ = {isa = PBXFileReference; lastKnownFileType = sourcecode.swift; path = UserData.swift; sourceTree = "<group>"; };
		1D5051BC23F319F9008D13D8 /* Hike.swift */ = {isa = PBXFileReference; lastKnownFileType = sourcecode.swift; path = Hike.swift; sourceTree = "<group>"; };
		1D5051BE23F31BA0008D13D8 /* CategoryRow.swift */ = {isa = PBXFileReference; lastKnownFileType = sourcecode.swift; path = CategoryRow.swift; sourceTree = "<group>"; };
		1DF309E623F14187008EE43A /* SwiftUI_Landmark_App.app */ = {isa = PBXFileReference; explicitFileType = wrapper.application; includeInIndex = 0; path = SwiftUI_Landmark_App.app; sourceTree = BUILT_PRODUCTS_DIR; };
		1DF309E923F14187008EE43A /* AppDelegate.swift */ = {isa = PBXFileReference; lastKnownFileType = sourcecode.swift; path = AppDelegate.swift; sourceTree = "<group>"; };
		1DF309EB23F14187008EE43A /* SceneDelegate.swift */ = {isa = PBXFileReference; lastKnownFileType = sourcecode.swift; path = SceneDelegate.swift; sourceTree = "<group>"; };
		1DF309ED23F14187008EE43A /* ContentView.swift */ = {isa = PBXFileReference; lastKnownFileType = sourcecode.swift; path = ContentView.swift; sourceTree = "<group>"; };
		1DF309EF23F14188008EE43A /* Assets.xcassets */ = {isa = PBXFileReference; lastKnownFileType = folder.assetcatalog; path = Assets.xcassets; sourceTree = "<group>"; };
		1DF309F223F14188008EE43A /* Preview Assets.xcassets */ = {isa = PBXFileReference; lastKnownFileType = folder.assetcatalog; path = "Preview Assets.xcassets"; sourceTree = "<group>"; };
		1DF309F523F14188008EE43A /* Base */ = {isa = PBXFileReference; lastKnownFileType = file.storyboard; name = Base; path = Base.lproj/LaunchScreen.storyboard; sourceTree = "<group>"; };
		1DF309F723F14188008EE43A /* Info.plist */ = {isa = PBXFileReference; lastKnownFileType = text.plist.xml; path = Info.plist; sourceTree = "<group>"; };
		1DF30A0223F14451008EE43A /* MapView.swift */ = {isa = PBXFileReference; fileEncoding = 4; lastKnownFileType = sourcecode.swift; path = MapView.swift; sourceTree = "<group>"; };
		1DF30A0323F14451008EE43A /* CircleImage.swift */ = {isa = PBXFileReference; fileEncoding = 4; lastKnownFileType = sourcecode.swift; path = CircleImage.swift; sourceTree = "<group>"; };
/* End PBXFileReference section */

/* Begin PBXFrameworksBuildPhase section */
		1DF309E323F14187008EE43A /* Frameworks */ = {
			isa = PBXFrameworksBuildPhase;
			buildActionMask = 2147483647;
			files = (
			);
			runOnlyForDeploymentPostprocessing = 0;
		};
/* End PBXFrameworksBuildPhase section */

/* Begin PBXGroup section */
		1D5051AD23F318EA008D13D8 /* Models */ = {
			isa = PBXGroup;
			children = (
				1D5051B623F319D8008D13D8 /* Data.swift */,
				1D5051B823F319E2008D13D8 /* Landmark.swift */,
				1D5051BA23F319EF008D13D8 /* UserData.swift */,
				1D5051BC23F319F9008D13D8 /* Hike.swift */,
			);
			name = Models;
			path = /Users/ashwindas/Desktop/Workspace/Examples/SwiftUI_Landmark_App/SwiftUI_Landmark_App/Models;
			sourceTree = "<absolute>";
		};
		1DF309DD23F14187008EE43A = {
			isa = PBXGroup;
			children = (
				1DF309E823F14187008EE43A /* SwiftUI_Landmark_App */,
				1DF309E723F14187008EE43A /* Products */,
			);
			sourceTree = "<group>";
		};
		1DF309E723F14187008EE43A /* Products */ = {
			isa = PBXGroup;
			children = (
				1DF309E623F14187008EE43A /* SwiftUI_Landmark_App.app */,
			);
			name = Products;
			sourceTree = "<group>";
		};
		1DF309E823F14187008EE43A /* SwiftUI_Landmark_App */ = {
			isa = PBXGroup;
			children = (
				1D5051AD23F318EA008D13D8 /* Models */,
				1DF30A0623F144CD008EE43A /* Resources */,
				1DF30A0123F14451008EE43A /* Supporting Views */,
				1DF309E923F14187008EE43A /* AppDelegate.swift */,
				1DF309EB23F14187008EE43A /* SceneDelegate.swift */,
				1DF309ED23F14187008EE43A /* ContentView.swift */,
				1D3AF3AC23F194BE009A90AE /* HexagonParameters.swift */,
				1DF309EF23F14188008EE43A /* Assets.xcassets */,
				1DF309F423F14188008EE43A /* LaunchScreen.storyboard */,
				1DF309F723F14188008EE43A /* Info.plist */,
				1DF309F123F14188008EE43A /* Preview Content */,
				1D3AF36E23F1767E009A90AE /* LandmarkDetail.swift */,
				1D3AF37223F1771B009A90AE /* LandmarkList.swift */,
				1D3AF3B623F1C95F009A90AE /* HikeView.swift */,
				1D3AF3BE23F1D374009A90AE /* HikeDetail.swift */,
				1D3AF3C023F2597A009A90AE /* Home.swift */,
			);
			path = SwiftUI_Landmark_App;
			sourceTree = "<group>";
		};
		1DF309F123F14188008EE43A /* Preview Content */ = {
			isa = PBXGroup;
			children = (
				1DF309F223F14188008EE43A /* Preview Assets.xcassets */,
			);
			path = "Preview Content";
			sourceTree = "<group>";
		};
		1DF30A0123F14451008EE43A /* Supporting Views */ = {
			isa = PBXGroup;
			children = (
				1DF30A0223F14451008EE43A /* MapView.swift */,
				1DF30A0323F14451008EE43A /* CircleImage.swift */,
				1D3AF3B823F1C9FC009A90AE /* HikeGraph.swift */,
				1D3AF3BA23F1CA2C009A90AE /* GraphCapsule.swift */,
				1D3AF37023F176CC009A90AE /* LandmarkRow.swift */,
				1D3AF3AA23F1920E009A90AE /* Badge.swift */,
				1D3AF3AE23F1BF69009A90AE /* BadgeBackground.swift */,
				1D3AF3B023F1C01D009A90AE /* BadgeSymbol.swift */,
				1D3AF3B223F1C16C009A90AE /* RotatedBadgeSymbol.swift */,
				1D5051BE23F31BA0008D13D8 /* CategoryRow.swift */,
			);
			path = "Supporting Views";
			sourceTree = "<group>";
		};
		1DF30A0623F144CD008EE43A /* Resources */ = {
			isa = PBXGroup;
			children = (
				1D3AF3BC23F1CA55009A90AE /* hikeData.json */,
				1D3AF38F23F180A9009A90AE /* charleyrivers.jpg */,
				1D3AF39723F180AB009A90AE /* chilkoottrail.jpg */,
				1D3AF39423F180AA009A90AE /* chincoteague.jpg */,
				1D3AF39823F180AB009A90AE /* hiddenlake.jpg */,
				1D3AF39123F180AA009A90AE /* icybay.jpg */,
				1D3AF39223F180AA009A90AE /* lakemcdonald.jpg */,
				1D3AF39323F180AA009A90AE /* landmarkData.json */,
				1D3AF39523F180AB009A90AE /* rainbowlake.jpg */,
				1D3AF39923F180AB009A90AE /* silversalmoncreek.jpg */,
				1D3AF39623F180AB009A90AE /* stmarylake.jpg */,
				1D3AF38E23F180A9009A90AE /* turtlerock.jpg */,
				1D3AF39A23F180AB009A90AE /* twinlake.jpg */,
				1D3AF39023F180AA009A90AE /* umbagog.jpg */,
			);
			path = Resources;
			sourceTree = "<group>";
		};
/* End PBXGroup section */

/* Begin PBXNativeTarget section */
		1DF309E523F14187008EE43A /* SwiftUI_Landmark_App */ = {
			isa = PBXNativeTarget;
			buildConfigurationList = 1DF309FA23F14188008EE43A /* Build configuration list for PBXNativeTarget "SwiftUI_Landmark_App" */;
			buildPhases = (
				1DF309E223F14187008EE43A /* Sources */,
				1DF309E323F14187008EE43A /* Frameworks */,
				1DF309E423F14187008EE43A /* Resources */,
			);
			buildRules = (
			);
			dependencies = (
			);
			name = SwiftUI_Landmark_App;
			productName = SwiftUI_Landmark_App;
			productReference = 1DF309E623F14187008EE43A /* SwiftUI_Landmark_App.app */;
			productType = "com.apple.product-type.application";
		};
/* End PBXNativeTarget section */

/* Begin PBXProject section */
		1DF309DE23F14187008EE43A /* Project object */ = {
			isa = PBXProject;
			attributes = {
				LastSwiftUpdateCheck = 1130;
				LastUpgradeCheck = 1130;
				ORGANIZATIONNAME = "Ashwin Das";
				TargetAttributes = {
					1DF309E523F14187008EE43A = {
						CreatedOnToolsVersion = 11.3.1;
					};
				};
			};
			buildConfigurationList = 1DF309E123F14187008EE43A /* Build configuration list for PBXProject "SwiftUI_Landmark_App" */;
			compatibilityVersion = "Xcode 9.3";
			developmentRegion = en;
			hasScannedForEncodings = 0;
			knownRegions = (
				en,
				Base,
			);
			mainGroup = 1DF309DD23F14187008EE43A;
			productRefGroup = 1DF309E723F14187008EE43A /* Products */;
			projectDirPath = "";
			projectRoot = "";
			targets = (
				1DF309E523F14187008EE43A /* SwiftUI_Landmark_App */,
			);
		};
/* End PBXProject section */

/* Begin PBXResourcesBuildPhase section */
		1DF309E423F14187008EE43A /* Resources */ = {
			isa = PBXResourcesBuildPhase;
			buildActionMask = 2147483647;
			files = (
				1D3AF3A623F180AB009A90AE /* silversalmoncreek.jpg in Resources */,
				1D3AF3A223F180AB009A90AE /* rainbowlake.jpg in Resources */,
				1D3AF3BD23F1CA55009A90AE /* hikeData.json in Resources */,
				1D3AF39D23F180AB009A90AE /* umbagog.jpg in Resources */,
				1D3AF39C23F180AB009A90AE /* charleyrivers.jpg in Resources */,
				1D3AF39B23F180AB009A90AE /* turtlerock.jpg in Resources */,
				1DF309F623F14188008EE43A /* LaunchScreen.storyboard in Resources */,
				1D3AF3A123F180AB009A90AE /* chincoteague.jpg in Resources */,
				1D3AF3A523F180AB009A90AE /* hiddenlake.jpg in Resources */,
				1D3AF3A423F180AB009A90AE /* chilkoottrail.jpg in Resources */,
				1D3AF3A323F180AB009A90AE /* stmarylake.jpg in Resources */,
				1D3AF3A723F180AB009A90AE /* twinlake.jpg in Resources */,
				1DF309F323F14188008EE43A /* Preview Assets.xcassets in Resources */,
				1D3AF39E23F180AB009A90AE /* icybay.jpg in Resources */,
				1D3AF39F23F180AB009A90AE /* lakemcdonald.jpg in Resources */,
				1DF309F023F14188008EE43A /* Assets.xcassets in Resources */,
				1D3AF3A023F180AB009A90AE /* landmarkData.json in Resources */,
			);
			runOnlyForDeploymentPostprocessing = 0;
		};
/* End PBXResourcesBuildPhase section */

/* Begin PBXSourcesBuildPhase section */
		1DF309E223F14187008EE43A /* Sources */ = {
			isa = PBXSourcesBuildPhase;
			buildActionMask = 2147483647;
			files = (
				1D3AF3BB23F1CA2C009A90AE /* GraphCapsule.swift in Sources */,
				1D3AF3AB23F1920E009A90AE /* Badge.swift in Sources */,
				1DF309EA23F14187008EE43A /* AppDelegate.swift in Sources */,
				1D3AF3B923F1C9FC009A90AE /* HikeGraph.swift in Sources */,
				1D5051BD23F319F9008D13D8 /* Hike.swift in Sources */,
				1DF30A0423F14451008EE43A /* MapView.swift in Sources */,
				1D5051BF23F31BA0008D13D8 /* CategoryRow.swift in Sources */,
				1D3AF36F23F1767E009A90AE /* LandmarkDetail.swift in Sources */,
				1DF309EC23F14187008EE43A /* SceneDelegate.swift in Sources */,
				1D3AF3BF23F1D374009A90AE /* HikeDetail.swift in Sources */,
				1D3AF3B123F1C01D009A90AE /* BadgeSymbol.swift in Sources */,
				1D5051BB23F319EF008D13D8 /* UserData.swift in Sources */,
				1DF309EE23F14187008EE43A /* ContentView.swift in Sources */,
				1D3AF3C123F2597A009A90AE /* Home.swift in Sources */,
				1D3AF3AF23F1BF69009A90AE /* BadgeBackground.swift in Sources */,
				1D3AF3AD23F194BE009A90AE /* HexagonParameters.swift in Sources */,
				1D3AF3B723F1C95F009A90AE /* HikeView.swift in Sources */,
				1DF30A0523F14451008EE43A /* CircleImage.swift in Sources */,
				1D3AF37123F176CC009A90AE /* LandmarkRow.swift in Sources */,
				1D5051B723F319D8008D13D8 /* Data.swift in Sources */,
				1D3AF37323F1771B009A90AE /* LandmarkList.swift in Sources */,
				1D3AF3B323F1C16C009A90AE /* RotatedBadgeSymbol.swift in Sources */,
				1D5051B923F319E2008D13D8 /* Landmark.swift in Sources */,
			);
			runOnlyForDeploymentPostprocessing = 0;
		};
/* End PBXSourcesBuildPhase section */

/* Begin PBXVariantGroup section */
		1DF309F423F14188008EE43A /* LaunchScreen.storyboard */ = {
			isa = PBXVariantGroup;
			children = (
				1DF309F523F14188008EE43A /* Base */,
			);
			name = LaunchScreen.storyboard;
			sourceTree = "<group>";
		};
/* End PBXVariantGroup section */

/* Begin XCBuildConfiguration section */
		1DF309F823F14188008EE43A /* Debug */ = {
			isa = XCBuildConfiguration;
			buildSettings = {
				ALWAYS_SEARCH_USER_PATHS = NO;
				CLANG_ANALYZER_NONNULL = YES;
				CLANG_ANALYZER_NUMBER_OBJECT_CONVERSION = YES_AGGRESSIVE;
				CLANG_CXX_LANGUAGE_STANDARD = "gnu++14";
				CLANG_CXX_LIBRARY = "libc++";
				CLANG_ENABLE_MODULES = YES;
				CLANG_ENABLE_OBJC_ARC = YES;
				CLANG_ENABLE_OBJC_WEAK = YES;
				CLANG_WARN_BLOCK_CAPTURE_AUTORELEASING = YES;
				CLANG_WARN_BOOL_CONVERSION = YES;
				CLANG_WARN_COMMA = YES;
				CLANG_WARN_CONSTANT_CONVERSION = YES;
				CLANG_WARN_DEPRECATED_OBJC_IMPLEMENTATIONS = YES;
				CLANG_WARN_DIRECT_OBJC_ISA_USAGE = YES_ERROR;
				CLANG_WARN_DOCUMENTATION_COMMENTS = YES;
				CLANG_WARN_EMPTY_BODY = YES;
				CLANG_WARN_ENUM_CONVERSION = YES;
				CLANG_WARN_INFINITE_RECURSION = YES;
				CLANG_WARN_INT_CONVERSION = YES;
				CLANG_WARN_NON_LITERAL_NULL_CONVERSION = YES;
				CLANG_WARN_OBJC_IMPLICIT_RETAIN_SELF = YES;
				CLANG_WARN_OBJC_LITERAL_CONVERSION = YES;
				CLANG_WARN_OBJC_ROOT_CLASS = YES_ERROR;
				CLANG_WARN_RANGE_LOOP_ANALYSIS = YES;
				CLANG_WARN_STRICT_PROTOTYPES = YES;
				CLANG_WARN_SUSPICIOUS_MOVE = YES;
				CLANG_WARN_UNGUARDED_AVAILABILITY = YES_AGGRESSIVE;
				CLANG_WARN_UNREACHABLE_CODE = YES;
				CLANG_WARN__DUPLICATE_METHOD_MATCH = YES;
				COPY_PHASE_STRIP = NO;
				DEBUG_INFORMATION_FORMAT = dwarf;
				ENABLE_STRICT_OBJC_MSGSEND = YES;
				ENABLE_TESTABILITY = YES;
				GCC_C_LANGUAGE_STANDARD = gnu11;
				GCC_DYNAMIC_NO_PIC = NO;
				GCC_NO_COMMON_BLOCKS = YES;
				GCC_OPTIMIZATION_LEVEL = 0;
				GCC_PREPROCESSOR_DEFINITIONS = (
					"DEBUG=1",
					"$(inherited)",
				);
				GCC_WARN_64_TO_32_BIT_CONVERSION = YES;
				GCC_WARN_ABOUT_RETURN_TYPE = YES_ERROR;
				GCC_WARN_UNDECLARED_SELECTOR = YES;
				GCC_WARN_UNINITIALIZED_AUTOS = YES_AGGRESSIVE;
				GCC_WARN_UNUSED_FUNCTION = YES;
				GCC_WARN_UNUSED_VARIABLE = YES;
				IPHONEOS_DEPLOYMENT_TARGET = 13.2;
				MTL_ENABLE_DEBUG_INFO = INCLUDE_SOURCE;
				MTL_FAST_MATH = YES;
				ONLY_ACTIVE_ARCH = YES;
				SDKROOT = iphoneos;
				SWIFT_ACTIVE_COMPILATION_CONDITIONS = DEBUG;
				SWIFT_OPTIMIZATION_LEVEL = "-Onone";
			};
			name = Debug;
		};
		1DF309F923F14188008EE43A /* Release */ = {
			isa = XCBuildConfiguration;
			buildSettings = {
				ALWAYS_SEARCH_USER_PATHS = NO;
				CLANG_ANALYZER_NONNULL = YES;
				CLANG_ANALYZER_NUMBER_OBJECT_CONVERSION = YES_AGGRESSIVE;
				CLANG_CXX_LANGUAGE_STANDARD = "gnu++14";
				CLANG_CXX_LIBRARY = "libc++";
				CLANG_ENABLE_MODULES = YES;
				CLANG_ENABLE_OBJC_ARC = YES;
				CLANG_ENABLE_OBJC_WEAK = YES;
				CLANG_WARN_BLOCK_CAPTURE_AUTORELEASING = YES;
				CLANG_WARN_BOOL_CONVERSION = YES;
				CLANG_WARN_COMMA = YES;
				CLANG_WARN_CONSTANT_CONVERSION = YES;
				CLANG_WARN_DEPRECATED_OBJC_IMPLEMENTATIONS = YES;
				CLANG_WARN_DIRECT_OBJC_ISA_USAGE = YES_ERROR;
				CLANG_WARN_DOCUMENTATION_COMMENTS = YES;
				CLANG_WARN_EMPTY_BODY = YES;
				CLANG_WARN_ENUM_CONVERSION = YES;
				CLANG_WARN_INFINITE_RECURSION = YES;
				CLANG_WARN_INT_CONVERSION = YES;
				CLANG_WARN_NON_LITERAL_NULL_CONVERSION = YES;
				CLANG_WARN_OBJC_IMPLICIT_RETAIN_SELF = YES;
				CLANG_WARN_OBJC_LITERAL_CONVERSION = YES;
				CLANG_WARN_OBJC_ROOT_CLASS = YES_ERROR;
				CLANG_WARN_RANGE_LOOP_ANALYSIS = YES;
				CLANG_WARN_STRICT_PROTOTYPES = YES;
				CLANG_WARN_SUSPICIOUS_MOVE = YES;
				CLANG_WARN_UNGUARDED_AVAILABILITY = YES_AGGRESSIVE;
				CLANG_WARN_UNREACHABLE_CODE = YES;
				CLANG_WARN__DUPLICATE_METHOD_MATCH = YES;
				COPY_PHASE_STRIP = NO;
				DEBUG_INFORMATION_FORMAT = "dwarf-with-dsym";
				ENABLE_NS_ASSERTIONS = NO;
				ENABLE_STRICT_OBJC_MSGSEND = YES;
				GCC_C_LANGUAGE_STANDARD = gnu11;
				GCC_NO_COMMON_BLOCKS = YES;
				GCC_WARN_64_TO_32_BIT_CONVERSION = YES;
				GCC_WARN_ABOUT_RETURN_TYPE = YES_ERROR;
				GCC_WARN_UNDECLARED_SELECTOR = YES;
				GCC_WARN_UNINITIALIZED_AUTOS = YES_AGGRESSIVE;
				GCC_WARN_UNUSED_FUNCTION = YES;
				GCC_WARN_UNUSED_VARIABLE = YES;
				IPHONEOS_DEPLOYMENT_TARGET = 13.2;
				MTL_ENABLE_DEBUG_INFO = NO;
				MTL_FAST_MATH = YES;
				SDKROOT = iphoneos;
				SWIFT_COMPILATION_MODE = wholemodule;
				SWIFT_OPTIMIZATION_LEVEL = "-O";
				VALIDATE_PRODUCT = YES;
			};
			name = Release;
		};
		1DF309FB23F14188008EE43A /* Debug */ = {
			isa = XCBuildConfiguration;
			buildSettings = {
				ASSETCATALOG_COMPILER_APPICON_NAME = AppIcon;
				CODE_SIGN_STYLE = Automatic;
				DEVELOPMENT_ASSET_PATHS = "\"SwiftUI_Landmark_App/Preview Content\"";
				ENABLE_PREVIEWS = YES;
				INFOPLIST_FILE = SwiftUI_Landmark_App/Info.plist;
				LD_RUNPATH_SEARCH_PATHS = (
					"$(inherited)",
					"@executable_path/Frameworks",
				);
				PRODUCT_BUNDLE_IDENTIFIER = "TheAlphamerc.SwiftUI-Landmark-App";
				PRODUCT_NAME = "$(TARGET_NAME)";
				SWIFT_VERSION = 5.0;
				TARGETED_DEVICE_FAMILY = "1,2";
			};
			name = Debug;
		};
		1DF309FC23F14188008EE43A /* Release */ = {
			isa = XCBuildConfiguration;
			buildSettings = {
				ASSETCATALOG_COMPILER_APPICON_NAME = AppIcon;
				CODE_SIGN_STYLE = Automatic;
				DEVELOPMENT_ASSET_PATHS = "\"SwiftUI_Landmark_App/Preview Content\"";
				ENABLE_PREVIEWS = YES;
				INFOPLIST_FILE = SwiftUI_Landmark_App/Info.plist;
				LD_RUNPATH_SEARCH_PATHS = (
					"$(inherited)",
					"@executable_path/Frameworks",
				);
				PRODUCT_BUNDLE_IDENTIFIER = "TheAlphamerc.SwiftUI-Landmark-App";
				PRODUCT_NAME = "$(TARGET_NAME)";
				SWIFT_VERSION = 5.0;
				TARGETED_DEVICE_FAMILY = "1,2";
			};
			name = Release;
		};
/* End XCBuildConfiguration section */

/* Begin XCConfigurationList section */
		1DF309E123F14187008EE43A /* Build configuration list for PBXProject "SwiftUI_Landmark_App" */ = {
			isa = XCConfigurationList;
			buildConfigurations = (
				1DF309F823F14188008EE43A /* Debug */,
				1DF309F923F14188008EE43A /* Release */,
			);
			defaultConfigurationIsVisible = 0;
			defaultConfigurationName = Release;
		};
		1DF309FA23F14188008EE43A /* Build configuration list for PBXNativeTarget "SwiftUI_Landmark_App" */ = {
			isa = XCConfigurationList;
			buildConfigurations = (
				1DF309FB23F14188008EE43A /* Debug */,
				1DF309FC23F14188008EE43A /* Release */,
			);
			defaultConfigurationIsVisible = 0;
			defaultConfigurationName = Release;
		};
/* End XCConfigurationList section */
	};
	rootObject = 1DF309DE23F14187008EE43A /* Project object */;
}
